# THIS IS AN AUTOGENERATED FILE. DO NOT EDIT THIS FILE DIRECTLY.
# yarn lockfile v1


bs-platform@^6.0.3:
  version "6.0.3"
  resolved "https://registry.yarnpkg.com/bs-platform/-/bs-platform-6.0.3.tgz#cb401aa4dadbf063dd4a183921195ef3c16d7b11"
  integrity sha512-zptjWiSaioLVbEq0n3LPwfn1nyY3qt8fXzdI1O+yj6a6sBKmtT2kcx9oXJZl/cuLUnVumXKpb5ksTsYztbJPUg==
